// !$*UTF8*$!
{
	archiveVersion = 1;
	classes = {
	};
	objectVersion = 46;
	objects = {

/* Begin PBXBuildFile section */
		125375AF158E707300C22308 /* UIKit.framework in Frameworks */ = {isa = PBXBuildFile; fileRef = 125375AE158E707300C22308 /* UIKit.framework */; };
		125375B1158E707300C22308 /* Foundation.framework in Frameworks */ = {isa = PBXBuildFile; fileRef = 125375B0158E707300C22308 /* Foundation.framework */; };
		125375B3158E707300C22308 /* CoreGraphics.framework in Frameworks */ = {isa = PBXBuildFile; fileRef = 125375B2158E707300C22308 /* CoreGraphics.framework */; };
		125375B9158E707300C22308 /* InfoPlist.strings in Resources */ = {isa = PBXBuildFile; fileRef = 125375B7158E707300C22308 /* InfoPlist.strings */; };
		125375BB158E707400C22308 /* main.m in Sources */ = {isa = PBXBuildFile; fileRef = 125375BA158E707400C22308 /* main.m */; };
		125375BF158E707400C22308 /* BNRAppDelegate.m in Sources */ = {isa = PBXBuildFile; fileRef = 125375BE158E707400C22308 /* BNRAppDelegate.m */; };
/* End PBXBuildFile section */

/* Begin PBXFileReference section */
		125375AA158E707300C22308 /* iTahDoodle.app */ = {isa = PBXFileReference; explicitFileType = wrapper.application; includeInIndex = 0; path = iTahDoodle.app; sourceTree = BUILT_PRODUCTS_DIR; };
		125375AE158E707300C22308 /* UIKit.framework */ = {isa = PBXFileReference; lastKnownFileType = wrapper.framework; name = UIKit.framework; path = System/Library/Frameworks/UIKit.framework; sourceTree = SDKROOT; };
		125375B0158E707300C22308 /* Foundation.framework */ = {isa = PBXFileReference; lastKnownFileType = wrapper.framework; name = Foundation.framework; path = System/Library/Frameworks/Foundation.framework; sourceTree = SDKROOT; };
		125375B2158E707300C22308 /* CoreGraphics.framework */ = {isa = PBXFileReference; lastKnownFileType = wrapper.framework; name = CoreGraphics.framework; path = System/Library/Frameworks/CoreGraphics.framework; sourceTree = SDKROOT; };
		125375B6158E707300C22308 /* iTahDoodle-Info.plist */ = {isa = PBXFileReference; lastKnownFileType = text.plist.xml; path = "iTahDoodle-Info.plist"; sourceTree = "<group>"; };
		125375B8158E707300C22308 /* en */ = {isa = PBXFileReference; lastKnownFileType = text.plist.strings; name = en; path = en.lproj/InfoPlist.strings; sourceTree = "<group>"; };
		125375BA158E707400C22308 /* main.m */ = {isa = PBXFileReference; lastKnownFileType = sourcecode.c.objc; path = main.m; sourceTree = "<group>"; };
		125375BC158E707400C22308 /* iTahDoodle-Prefix.pch */ = {isa = PBXFileReference; lastKnownFileType = sourcecode.c.h; path = "iTahDoodle-Prefix.pch"; sourceTree = "<group>"; };
		125375BD158E707400C22308 /* BNRAppDelegate.h */ = {isa = PBXFileReference; lastKnownFileType = sourcecode.c.h; path = BNRAppDelegate.h; sourceTree = "<group>"; };
		125375BE158E707400C22308 /* BNRAppDelegate.m */ = {isa = PBXFileReference; lastKnownFileType = sourcecode.c.objc; path = BNRAppDelegate.m; sourceTree = "<group>"; };
/* End PBXFileReference section */

/* Begin PBXFrameworksBuildPhase section */
		125375A7158E707300C22308 /* Frameworks */ = {
			isa = PBXFrameworksBuildPhase;
			buildActionMask = 2147483647;
			files = (
				125375AF158E707300C22308 /* UIKit.framework in Frameworks */,
				125375B1158E707300C22308 /* Foundation.framework in Frameworks */,
				125375B3158E707300C22308 /* CoreGraphics.framework in Frameworks */,
			);
			runOnlyForDeploymentPostprocessing = 0;
		};
/* End PBXFrameworksBuildPhase section */

/* Begin PBXGroup section */
		1253759F158E707300C22308 = {
			isa = PBXGroup;
			children = (
				125375B4158E707300C22308 /* iTahDoodle */,
				125375AD158E707300C22308 /* Frameworks */,
				125375AB158E707300C22308 /* Products */,
			);
			sourceTree = "<group>";
		};
		125375AB158E707300C22308 /* Products */ = {
			isa = PBXGroup;
			children = (
				125375AA158E707300C22308 /* iTahDoodle.app */,
			);
			name = Products;
			sourceTree = "<group>";
		};
		125375AD158E707300C22308 /* Frameworks */ = {
			isa = PBXGroup;
			children = (
				125375AE158E707300C22308 /* UIKit.framework */,
				125375B0158E707300C22308 /* Foundation.framework */,
				125375B2158E707300C22308 /* CoreGraphics.framework */,
			);
			name = Frameworks;
			sourceTree = "<group>";
		};
		125375B4158E707300C22308 /* iTahDoodle */ = {
			isa = PBXGroup;
			children = (
				125375BD158E707400C22308 /* BNRAppDelegate.h */,
				125375BE158E707400C22308 /* BNRAppDelegate.m */,
				125375B5158E707300C22308 /* Supporting Files */,
			);
			path = iTahDoodle;
			sourceTree = "<group>";
		};
		125375B5158E707300C22308 /* Supporting Files */ = {
			isa = PBXGroup;
			children = (
				125375B6158E707300C22308 /* iTahDoodle-Info.plist */,
				125375B7158E707300C22308 /* InfoPlist.strings */,
				125375BA158E707400C22308 /* main.m */,
				125375BC158E707400C22308 /* iTahDoodle-Prefix.pch */,
			);
			name = "Supporting Files";
			sourceTree = "<group>";
		};
/* End PBXGroup section */

/* Begin PBXNativeTarget section */
		125375A9158E707300C22308 /* iTahDoodle */ = {
			isa = PBXNativeTarget;
			buildConfigurationList = 125375C2158E707400C22308 /* Build configuration list for PBXNativeTarget "iTahDoodle" */;
			buildPhases = (
				125375A6158E707300C22308 /* Sources */,
				125375A7158E707300C22308 /* Frameworks */,
				125375A8158E707300C22308 /* Resources */,
			);
			buildRules = (
			);
			dependencies = (
			);
			name = iTahDoodle;
			productName = iTahDoodle;
			productReference = 125375AA158E707300C22308 /* iTahDoodle.app */;
			productType = "com.apple.product-type.application";
		};
/* End PBXNativeTarget section */

/* Begin PBXProject section */
		125375A1158E707300C22308 /* Project object */ = {
			isa = PBXProject;
			attributes = {
				CLASSPREFIX = BNR;
				LastUpgradeCheck = 0430;
			};
			buildConfigurationList = 125375A4158E707300C22308 /* Build configuration list for PBXProject "iTahDoodle" */;
			compatibilityVersion = "Xcode 3.2";
			developmentRegion = English;
			hasScannedForEncodings = 0;
			knownRegions = (
				en,
			);
			mainGroup = 1253759F158E707300C22308;
			productRefGroup = 125375AB158E707300C22308 /* Products */;
			projectDirPath = "";
			projectRoot = "";
			targets = (
				125375A9158E707300C22308 /* iTahDoodle */,
			);
		};
/* End PBXProject section */

/* Begin PBXResourcesBuildPhase section */
		125375A8158E707300C22308 /* Resources */ = {
			isa = PBXResourcesBuildPhase;
			buildActionMask = 2147483647;
			files = (
				125375B9158E707300C22308 /* InfoPlist.strings in Resources */,
			);
			runOnlyForDeploymentPostprocessing = 0;
		};
/* End PBXResourcesBuildPhase section */

/* Begin PBXSourcesBuildPhase section */
		125375A6158E707300C22308 /* Sources */ = {
			isa = PBXSourcesBuildPhase;
			buildActionMask = 2147483647;
			files = (
				125375BB158E707400C22308 /* main.m in Sources */,
				125375BF158E707400C22308 /* BNRAppDelegate.m in Sources */,
			);
			runOnlyForDeploymentPostprocessing = 0;
		};
/* End PBXSourcesBuildPhase section */

/* Begin PBXVariantGroup section */
		125375B7158E707300C22308 /* InfoPlist.strings */ = {
			isa = PBXVariantGroup;
			children = (
				125375B8158E707300C22308 /* en */,
			);
			name = InfoPlist.strings;
			sourceTree = "<group>";
		};
/* End PBXVariantGroup section */

/* Begin XCBuildConfiguration section */
		125375C0158E707400C22308 /* Debug */ = {
			isa = XCBuildConfiguration;
			buildSettings = {
				ALWAYS_SEARCH_USER_PATHS = NO;
				ARCHS = "$(ARCHS_STANDARD_32_BIT)";
				CLANG_ENABLE_OBJC_ARC = YES;
				"CODE_SIGN_IDENTITY[sdk=iphoneos*]" = "iPhone Developer";
				COPY_PHASE_STRIP = NO;
				GCC_C_LANGUAGE_STANDARD = gnu99;
				GCC_DYNAMIC_NO_PIC = NO;
				GCC_OPTIMIZATION_LEVEL = 0;
				GCC_PREPROCESSOR_DEFINITIONS = (
					"DEBUG=1",
					"$(inherited)",
				);
				GCC_SYMBOLS_PRIVATE_EXTERN = NO;
				GCC_VERSION = com.apple.compilers.llvm.clang.1_0;
				GCC_WARN_ABOUT_RETURN_TYPE = YES;
				GCC_WARN_UNINITIALIZED_AUTOS = YES;
				GCC_WARN_UNUSED_VARIABLE = YES;
				IPHONEOS_DEPLOYMENT_TARGET = 5.1;
				SDKROOT = iphoneos;
			};
			name = Debug;
		};
		125375C1158E707400C22308 /* Release */ = {
			isa = XCBuildConfiguration;
			buildSettings = {
				ALWAYS_SEARCH_USER_PATHS = NO;
				ARCHS = "$(ARCHS_STANDARD_32_BIT)";
				CLANG_ENABLE_OBJC_ARC = YES;
				"CODE_SIGN_IDENTITY[sdk=iphoneos*]" = "iPhone Developer";
				COPY_PHASE_STRIP = YES;
				GCC_C_LANGUAGE_STANDARD = gnu99;
				GCC_VERSION = com.apple.compilers.llvm.clang.1_0;
				GCC_WARN_ABOUT_RETURN_TYPE = YES;
				GCC_WARN_UNINITIALIZED_AUTOS = YES;
				GCC_WARN_UNUSED_VARIABLE = YES;
				IPHONEOS_DEPLOYMENT_TARGET = 5.1;
				OTHER_CFLAGS = "-DNS_BLOCK_ASSERTIONS=1";
				SDKROOT = iphoneos;
				VALIDATE_PRODUCT = YES;
			};
			name = Release;
		};
		125375C3158E707400C22308 /* Debug */ = {
			isa = XCBuildConfiguration;
			buildSettings = {
				GCC_PRECOMPILE_PREFIX_HEADER = YES;
				GCC_PREFIX_HEADER = "iTahDoodle/iTahDoodle-Prefix.pch";
				INFOPLIST_FILE = "iTahDoodle/iTahDoodle-Info.plist";
				PRODUCT_NAME = "$(TARGET_NAME)";
				WRAPPER_EXTENSION = app;
			};
			name = Debug;
		};
		125375C4158E707400C22308 /* Release */ = {
			isa = XCBuildConfiguration;
			buildSettings = {
				GCC_PRECOMPILE_PREFIX_HEADER = YES;
				GCC_PREFIX_HEADER = "iTahDoodle/iTahDoodle-Prefix.pch";
				INFOPLIST_FILE = "iTahDoodle/iTahDoodle-Info.plist";
				PRODUCT_NAME = "$(TARGET_NAME)";
				WRAPPER_EXTENSION = app;
			};
			name = Release;
		};
/* End XCBuildConfiguration section */

/* Begin XCConfigurationList section */
		125375A4158E707300C22308 /* Build configuration list for PBXProject "iTahDoodle" */ = {
			isa = XCConfigurationList;
			buildConfigurations = (
				125375C0158E707400C22308 /* Debug */,
				125375C1158E707400C22308 /* Release */,
			);
			defaultConfigurationIsVisible = 0;
			defaultConfigurationName = Release;
		};
		125375C2158E707400C22308 /* Build configuration list for PBXNativeTarget "iTahDoodle" */ = {
			isa = XCConfigurationList;
			buildConfigurations = (
				125375C3158E707400C22308 /* Debug */,
				125375C4158E707400C22308 /* Release */,
			);
			defaultConfigurationIsVisible = 0;
		};
/* End XCConfigurationList section */
	};
	rootObject = 125375A1158E707300C22308 /* Project object */;
}
